
Microsoft Visual Studio Solution File, Format Version 12.00
# Visual Studio Version 16
VisualStudioVersion = 16.0.31605.320
MinimumVisualStudioVersion = 10.0.40219.1
Project("{FAE04EC0-301F-11D3-BF4B-00C04F79EFBC}") = "Exercicios_Estagio_Target", "Exercicios_Estagio_Target.csproj", "{21B29E8B-27C5-41D4-A760-62D511700343}"
EndProject
Global
	GlobalSection(SolutionConfigurationPlatforms) = preSolution
		Debug|Any CPU = Debug|Any CPU
		Release|Any CPU = Release|Any CPU
	EndGlobalSection
	GlobalSection(ProjectConfigurationPlatforms) = postSolution
		{21B29E8B-27C5-41D4-A760-62D511700343}.Debug|Any CPU.ActiveCfg = Debug|Any CPU
		{21B29E8B-27C5-41D4-A760-62D511700343}.Debug|Any CPU.Build.0 = Debug|Any CPU
		{21B29E8B-27C5-41D4-A760-62D511700343}.Release|Any CPU.ActiveCfg = Release|Any CPU
		{21B29E8B-27C5-41D4-A760-62D511700343}.Release|Any CPU.Build.0 = Release|Any CPU
	EndGlobalSection
	GlobalSection(SolutionProperties) = preSolution
		HideSolutionNode = FALSE
	EndGlobalSection
	GlobalSection(ExtensibilityGlobals) = postSolution
		SolutionGuid = {EC833460-7D24-4BCF-BBF5-8A6EF57D4765}
	EndGlobalSection
EndGlobal
